<?xml version="1.0" encoding="utf-8"?>
<Project ToolsVersion="4.0" xmlns="http://schemas.microsoft.com/developer/msbuild/2003">
  <ItemGroup>
    <Filter Include="General">
      <UniqueIdentifier>{4FC737F1-C7A5-4376-A066-2A32D752A2FF}</UniqueIdentifier>
      <Extensions>cpp;c;cc;cxx;def;odl;idl;hpj;bat;asm;asmx</Extensions>
    </Filter>
    <Filter Include="Data">
      <UniqueIdentifier>{b7f231c4-746f-428f-b8ea-c95ce95e27f3}</UniqueIdentifier>
    </Filter>
    <Filter Include="General\Actors">
      <UniqueIdentifier>{77be43b1-1baf-4855-ba91-9d17922c4fda}</UniqueIdentifier>
    </Filter>
    <Filter Include="General\Maps">
      <UniqueIdentifier>{9ee1ed7d-1e0b-4134-b7fc-53a4684cbfbd}</UniqueIdentifier>
    </Filter>
    <Filter Include="General\WorldGameplay">
      <UniqueIdentifier>{9565c436-1f06-4171-9d7b-794ee23c9b64}</UniqueIdentifier>
    </Filter>
    <Filter Include="General\Inventory">
      <UniqueIdentifier>{63ec15ef-6e39-4f6e-9ef2-a8b97261a517}</UniqueIdentifier>
    </Filter>
    <Filter Include="General\Utilities">
      <UniqueIdentifier>{70396bd6-90d9-4333-86d3-e5b445efe697}</UniqueIdentifier>
    </Filter>
    <Filter Include="General\StoryGraph">
      <UniqueIdentifier>{1a427284-85b9-45db-a88e-7ab8c29a2297}</UniqueIdentifier>
    </Filter>
  </ItemGroup>
  <ItemGroup>
    <ClCompile Include="Main_Win32.cpp">
      <Filter>General</Filter>
    </ClCompile>
    <ClCompile Include="App.cpp">
      <Filter>General</Filter>
    </ClCompile>
    <ClCompile Include="Game.cpp">
      <Filter>General</Filter>
    </ClCompile>
    <ClCompile Include="Entity.cpp">
      <Filter>General</Filter>
    </ClCompile>
    <ClCompile Include="GameCommon.cpp">
      <Filter>General</Filter>
    </ClCompile>
    <ClCompile Include="EntityDefinition.cpp">
      <Filter>General</Filter>
    </ClCompile>
    <ClCompile Include="Tags.cpp">
      <Filter>General</Filter>
    </ClCompile>
    <ClCompile Include="GameState.cpp">
      <Filter>General</Filter>
    </ClCompile>
    <ClCompile Include="Actor.cpp">
      <Filter>General\Actors</Filter>
    </ClCompile>
    <ClCompile Include="ActorDefinition.cpp">
      <Filter>General\Actors</Filter>
    </ClCompile>
    <ClCompile Include="AIBehavior.cpp">
      <Filter>General\Actors</Filter>
    </ClCompile>
    <ClCompile Include="ClothingLayer.cpp">
      <Filter>General\Actors</Filter>
    </ClCompile>
    <ClCompile Include="ClothingSet.cpp">
      <Filter>General\Actors</Filter>
    </ClCompile>
    <ClCompile Include="ClothingSetDefinition.cpp">
      <Filter>General\Actors</Filter>
    </ClCompile>
    <ClCompile Include="Dialogue.cpp">
      <Filter>General\Actors</Filter>
    </ClCompile>
    <ClCompile Include="DialogueSet.cpp">
      <Filter>General\Actors</Filter>
    </ClCompile>
    <ClCompile Include="DialogueSetDefinition.cpp">
      <Filter>General\Actors</Filter>
    </ClCompile>
    <ClCompile Include="Decoration.cpp">
      <Filter>General\Maps</Filter>
    </ClCompile>
    <ClCompile Include="Map.cpp">
      <Filter>General\Maps</Filter>
    </ClCompile>
    <ClCompile Include="MapDefinition.cpp">
      <Filter>General\Maps</Filter>
    </ClCompile>
    <ClCompile Include="MapGenStep.cpp">
      <Filter>General\Maps</Filter>
    </ClCompile>
    <ClCompile Include="Party.cpp">
      <Filter>General\Actors</Filter>
    </ClCompile>
    <ClCompile Include="Player.cpp">
      <Filter>General\Actors</Filter>
    </ClCompile>
    <ClCompile Include="DecorationDefinition.cpp">
      <Filter>General\Maps</Filter>
    </ClCompile>
    <ClCompile Include="Adventure.cpp">
      <Filter>General\WorldGameplay</Filter>
    </ClCompile>
    <ClCompile Include="Quest.cpp">
      <Filter>General\WorldGameplay</Filter>
    </ClCompile>
    <ClCompile Include="QuestDefinition.cpp">
      <Filter>General\WorldGameplay</Filter>
    </ClCompile>
    <ClCompile Include="QuestReward.cpp">
      <Filter>General\WorldGameplay</Filter>
    </ClCompile>
    <ClCompile Include="Portal.cpp">
      <Filter>General\Maps</Filter>
    </ClCompile>
    <ClCompile Include="PortalDefinition.cpp">
      <Filter>General\Maps</Filter>
    </ClCompile>
    <ClCompile Include="Tile.cpp">
      <Filter>General\Maps</Filter>
    </ClCompile>
    <ClCompile Include="TileDefinition.cpp">
      <Filter>General\Maps</Filter>
    </ClCompile>
    <ClCompile Include="TileEdgeDefinition.cpp">
      <Filter>General\Maps</Filter>
    </ClCompile>
    <ClCompile Include="TileNeighborSet.cpp">
      <Filter>General\Maps</Filter>
    </ClCompile>
    <ClCompile Include="Stats.cpp">
      <Filter>General\Actors</Filter>
    </ClCompile>
    <ClCompile Include="Projectile.cpp">
      <Filter>General\Actors</Filter>
    </ClCompile>
    <ClCompile Include="ProjectileDefinition.cpp">
      <Filter>General\Actors</Filter>
    </ClCompile>
    <ClCompile Include="VictoryCondition.cpp">
      <Filter>General\WorldGameplay</Filter>
    </ClCompile>
    <ClCompile Include="AdventureDefinition.cpp">
      <Filter>General\WorldGameplay</Filter>
    </ClCompile>
    <ClCompile Include="Item.cpp">
      <Filter>General\Inventory</Filter>
    </ClCompile>
    <ClCompile Include="ItemDefinition.cpp">
      <Filter>General\Inventory</Filter>
    </ClCompile>
    <ClCompile Include="DebugRenderSystem.cpp">
      <Filter>General\Utilities</Filter>
    </ClCompile>
    <ClCompile Include="DebugRenderTask.cpp">
      <Filter>General\Utilities</Filter>
    </ClCompile>
    <ClCompile Include="MenuState.cpp">
      <Filter>General\Utilities</Filter>
    </ClCompile>
    <ClCompile Include="Menu.cpp">
      <Filter>General\Utilities</Filter>
    </ClCompile>
    <ClCompile Include="Action.cpp">
      <Filter>General\StoryGraph</Filter>
    </ClCompile>
    <ClCompile Include="ActionDefinition.cpp">
      <Filter>General\StoryGraph</Filter>
    </ClCompile>
    <ClCompile Include="ActionModifier.cpp">
      <Filter>General\StoryGraph</Filter>
    </ClCompile>
    <ClCompile Include="Character.cpp">
      <Filter>General\StoryGraph</Filter>
    </ClCompile>
    <ClCompile Include="CharacterRequirement.cpp">
      <Filter>General\StoryGraph</Filter>
    </ClCompile>
    <ClCompile Include="CharacterRequirementSet.cpp">
      <Filter>General\StoryGraph</Filter>
    </ClCompile>
    <ClCompile Include="CharacterState.cpp">
      <Filter>General\StoryGraph</Filter>
    </ClCompile>
    <ClCompile Include="StoryData.cpp">
      <Filter>General\StoryGraph</Filter>
    </ClCompile>
    <ClCompile Include="StoryDataDefinition.cpp">
      <Filter>General\StoryGraph</Filter>
    </ClCompile>
    <ClCompile Include="StoryGraph.cpp">
      <Filter>General\StoryGraph</Filter>
    </ClCompile>
    <ClCompile Include="StoryRequirement.cpp">
      <Filter>General\StoryGraph</Filter>
    </ClCompile>
    <ClCompile Include="StoryRequirementSet.cpp">
      <Filter>General\StoryGraph</Filter>
    </ClCompile>
    <ClCompile Include="StoryState.cpp">
      <Filter>General\StoryGraph</Filter>
    </ClCompile>
    <ClCompile Include="TagPair.cpp">
      <Filter>General\StoryGraph</Filter>
    </ClCompile>
    <ClCompile Include="Effect.cpp">
      <Filter>General\StoryGraph</Filter>
    </ClCompile>
    <ClCompile Include="EffectSet.cpp">
      <Filter>General\StoryGraph</Filter>
    </ClCompile>
    <ClCompile Include="TagSet.cpp">
      <Filter>General\StoryGraph</Filter>
    </ClCompile>
    <ClCompile Include="GameState_Graph.cpp">
      <Filter>General</Filter>
    </ClCompile>
    <ClCompile Include="GameState_Encounter.cpp">
      <Filter>General</Filter>
    </ClCompile>
    <ClCompile Include="Village.cpp">
      <Filter>General\Maps</Filter>
    </ClCompile>
    <ClCompile Include="VillageDefinition.cpp">
      <Filter>General\Maps</Filter>
    </ClCompile>
    <ClCompile Include="DataSet.cpp">
      <Filter>General\StoryGraph</Filter>
    </ClCompile>
    <ClCompile Include="Act.cpp">
      <Filter>General\StoryGraph</Filter>
    </ClCompile>
  </ItemGroup>
  <ItemGroup>
    <ClInclude Include="App.hpp">
      <Filter>General</Filter>
    </ClInclude>
    <ClInclude Include="Game.hpp">
      <Filter>General</Filter>
    </ClInclude>
    <ClInclude Include="Entity.hpp">
      <Filter>General</Filter>
    </ClInclude>
    <ClInclude Include="GameCommon.hpp">
      <Filter>General</Filter>
    </ClInclude>
    <ClInclude Include="EngineBuildPreferences.hpp">
      <Filter>General</Filter>
    </ClInclude>
    <ClInclude Include="EntityDefinition.hpp">
      <Filter>General</Filter>
    </ClInclude>
    <ClInclude Include="Tags.hpp">
      <Filter>General</Filter>
    </ClInclude>
    <ClInclude Include="GameState.hpp">
      <Filter>General</Filter>
    </ClInclude>
    <ClInclude Include="Actor.hpp">
      <Filter>General\Actors</Filter>
    </ClInclude>
    <ClInclude Include="ActorDefinition.hpp">
      <Filter>General\Actors</Filter>
    </ClInclude>
    <ClInclude Include="AIBehavior.hpp">
      <Filter>General\Actors</Filter>
    </ClInclude>
    <ClInclude Include="ClothingLayer.hpp">
      <Filter>General\Actors</Filter>
    </ClInclude>
    <ClInclude Include="ClothingSet.hpp">
      <Filter>General\Actors</Filter>
    </ClInclude>
    <ClInclude Include="ClothingSetDefinition.hpp">
      <Filter>General\Actors</Filter>
    </ClInclude>
    <ClInclude Include="Dialogue.hpp">
      <Filter>General\Actors</Filter>
    </ClInclude>
    <ClInclude Include="DialogueSet.hpp">
      <Filter>General\Actors</Filter>
    </ClInclude>
    <ClInclude Include="DialogueSetDefinition.hpp">
      <Filter>General\Actors</Filter>
    </ClInclude>
    <ClInclude Include="Decoration.hpp">
      <Filter>General\Maps</Filter>
    </ClInclude>
    <ClInclude Include="Map.hpp">
      <Filter>General\Maps</Filter>
    </ClInclude>
    <ClInclude Include="MapDefinition.hpp">
      <Filter>General\Maps</Filter>
    </ClInclude>
    <ClInclude Include="MapGenStep.hpp">
      <Filter>General\Maps</Filter>
    </ClInclude>
    <ClInclude Include="Party.hpp">
      <Filter>General\Actors</Filter>
    </ClInclude>
    <ClInclude Include="Player.hpp">
      <Filter>General\Actors</Filter>
    </ClInclude>
    <ClInclude Include="DecorationDefinition.hpp">
      <Filter>General\Maps</Filter>
    </ClInclude>
    <ClInclude Include="Adventure.hpp">
      <Filter>General\WorldGameplay</Filter>
    </ClInclude>
    <ClInclude Include="QuestDefinition.hpp">
      <Filter>General\WorldGameplay</Filter>
    </ClInclude>
    <ClInclude Include="Quest.hpp">
      <Filter>General\WorldGameplay</Filter>
    </ClInclude>
    <ClInclude Include="QuestReward.hpp">
      <Filter>General\WorldGameplay</Filter>
    </ClInclude>
    <ClInclude Include="Portal.hpp">
      <Filter>General\Maps</Filter>
    </ClInclude>
    <ClInclude Include="PortalDefinition.hpp">
      <Filter>General\Maps</Filter>
    </ClInclude>
    <ClInclude Include="Tile.hpp">
      <Filter>General\Maps</Filter>
    </ClInclude>
    <ClInclude Include="TileDefinition.hpp">
      <Filter>General\Maps</Filter>
    </ClInclude>
    <ClInclude Include="TileEdgeDefinition.hpp">
      <Filter>General\Maps</Filter>
    </ClInclude>
    <ClInclude Include="TileNeighborSet.hpp">
      <Filter>General\Maps</Filter>
    </ClInclude>
    <ClInclude Include="Stats.hpp">
      <Filter>General\Actors</Filter>
    </ClInclude>
    <ClInclude Include="Projectile.hpp">
      <Filter>General\Actors</Filter>
    </ClInclude>
    <ClInclude Include="ProjectileDefinition.hpp">
      <Filter>General\Actors</Filter>
    </ClInclude>
    <ClInclude Include="VictoryCondition.hpp">
      <Filter>General\WorldGameplay</Filter>
    </ClInclude>
    <ClInclude Include="AdventureDefinition.hpp">
      <Filter>General\WorldGameplay</Filter>
    </ClInclude>
    <ClInclude Include="Item.hpp">
      <Filter>General\Inventory</Filter>
    </ClInclude>
    <ClInclude Include="ItemDefinition.hpp">
      <Filter>General\Inventory</Filter>
    </ClInclude>
    <ClInclude Include="MenuState.hpp">
      <Filter>General\Utilities</Filter>
    </ClInclude>
    <ClInclude Include="Menu.hpp">
      <Filter>General\Utilities</Filter>
    </ClInclude>
    <ClInclude Include="DebugRenderTask.hpp">
      <Filter>General\Utilities</Filter>
    </ClInclude>
    <ClInclude Include="DebugRenderSystem.hpp">
      <Filter>General\Utilities</Filter>
    </ClInclude>
    <ClInclude Include="Action.hpp">
      <Filter>General\StoryGraph</Filter>
    </ClInclude>
    <ClInclude Include="ActionDefinition.hpp">
      <Filter>General\StoryGraph</Filter>
    </ClInclude>
    <ClInclude Include="ActionModifier.hpp">
      <Filter>General\StoryGraph</Filter>
    </ClInclude>
    <ClInclude Include="Character.hpp">
      <Filter>General\StoryGraph</Filter>
    </ClInclude>
    <ClInclude Include="CharacterRequirement.hpp">
      <Filter>General\StoryGraph</Filter>
    </ClInclude>
    <ClInclude Include="CharacterRequirementSet.hpp">
      <Filter>General\StoryGraph</Filter>
    </ClInclude>
    <ClInclude Include="CharacterState.hpp">
      <Filter>General\StoryGraph</Filter>
    </ClInclude>
    <ClInclude Include="StoryData.hpp">
      <Filter>General\StoryGraph</Filter>
    </ClInclude>
    <ClInclude Include="StoryDataDefinition.hpp">
      <Filter>General\StoryGraph</Filter>
    </ClInclude>
    <ClInclude Include="StoryGraph.hpp">
      <Filter>General\StoryGraph</Filter>
    </ClInclude>
    <ClInclude Include="StoryRequirement.hpp">
      <Filter>General\StoryGraph</Filter>
    </ClInclude>
    <ClInclude Include="StoryRequirementSet.hpp">
      <Filter>General\StoryGraph</Filter>
    </ClInclude>
    <ClInclude Include="StoryState.hpp">
      <Filter>General\StoryGraph</Filter>
    </ClInclude>
    <ClInclude Include="TagPair.hpp">
      <Filter>General\StoryGraph</Filter>
    </ClInclude>
    <ClInclude Include="Effect.hpp">
      <Filter>General\StoryGraph</Filter>
    </ClInclude>
    <ClInclude Include="EffectSet.hpp">
      <Filter>General\StoryGraph</Filter>
    </ClInclude>
    <ClInclude Include="TagSet.hpp">
      <Filter>General\StoryGraph</Filter>
    </ClInclude>
    <ClInclude Include="GameState_Graph.hpp">
      <Filter>General</Filter>
    </ClInclude>
    <ClInclude Include="GameState_Encounter.hpp">
      <Filter>General</Filter>
    </ClInclude>
    <ClInclude Include="Village.hpp">
      <Filter>General\Maps</Filter>
    </ClInclude>
    <ClInclude Include="VillageDefinition.hpp">
      <Filter>General\Maps</Filter>
    </ClInclude>
    <ClInclude Include="DataSet.hpp">
      <Filter>General\StoryGraph</Filter>
    </ClInclude>
    <ClInclude Include="Act.hpp">
      <Filter>General\StoryGraph</Filter>
    </ClInclude>
  </ItemGroup>
</Project>